
Microsoft Visual Studio Solution File, Format Version 12.00
# Visual Studio Version 16
VisualStudioVersion = 16.0.31112.23
MinimumVisualStudioVersion = 10.0.40219.1
Project("{2150E333-8FDC-42A3-9474-1A3956D46DE8}") = "src", "src", "{39A66D3B-2C92-4BAE-85A9-933290B8A95F}"
EndProject
Project("{2150E333-8FDC-42A3-9474-1A3956D46DE8}") = "Building Blocks", "Building Blocks", "{DE1D86B0-01E0-4F57-859A-534363E7218A}"
EndProject
Project("{2150E333-8FDC-42A3-9474-1A3956D46DE8}") = "Services", "Services", "{7109161F-10DD-4BF1-93AF-78AF418A3F1D}"
EndProject
Project("{2150E333-8FDC-42A3-9474-1A3956D46DE8}") = "Identidade", "Identidade", "{D0A0D7DB-FFBC-4C6D-B413-D89C84ECB981}"
EndProject
Project("{9A19103F-16F7-4668-BE54-9A1E7A4F7556}") = "FVI.Identidade.API", "src\services\FVI.Identidade.API\FVI.Identidade.API.csproj", "{CE13F9C5-7A1E-4623-B494-3812D4764838}"
EndProject
Project("{2150E333-8FDC-42A3-9474-1A3956D46DE8}") = "Core", "Core", "{6A5481E8-EBCB-4264-AA03-5783594F43A7}"
EndProject
Project("{9A19103F-16F7-4668-BE54-9A1E7A4F7556}") = "FVI.Core", "src\building blocks\FVI.Core\FVI.Core.csproj", "{1C875F75-9F50-4D02-B116-426DF4D65352}"
EndProject
Project("{2150E333-8FDC-42A3-9474-1A3956D46DE8}") = "Funcionario", "Funcionario", "{B13E15D0-7DD6-457C-A806-0B76382938A4}"
EndProject
Project("{2150E333-8FDC-42A3-9474-1A3956D46DE8}") = "Services", "Services", "{8E8C05F7-2620-4BAD-B48C-0ADB9C43F804}"
EndProject
Project("{9A19103F-16F7-4668-BE54-9A1E7A4F7556}") = "FVI.WebApi.Core", "src\building blocks\FVI.WebApi.Core\FVI.WebApi.Core.csproj", "{DD19418D-0EFA-4694-BE6B-08F3D0446085}"
EndProject
Project("{FAE04EC0-301F-11D3-BF4B-00C04F79EFBC}") = "FVI.Funcionarios.API", "src\services\FVI.Funcionarios.API\FVI.Funcionarios.API.csproj", "{E85A2F2B-482D-418E-852D-AB5A28C1DB13}"
EndProject
Global
	GlobalSection(SolutionConfigurationPlatforms) = preSolution
		Debug|Any CPU = Debug|Any CPU
		Release|Any CPU = Release|Any CPU
	EndGlobalSection
	GlobalSection(ProjectConfigurationPlatforms) = postSolution
		{CE13F9C5-7A1E-4623-B494-3812D4764838}.Debug|Any CPU.ActiveCfg = Debug|Any CPU
		{CE13F9C5-7A1E-4623-B494-3812D4764838}.Debug|Any CPU.Build.0 = Debug|Any CPU
		{CE13F9C5-7A1E-4623-B494-3812D4764838}.Release|Any CPU.ActiveCfg = Release|Any CPU
		{CE13F9C5-7A1E-4623-B494-3812D4764838}.Release|Any CPU.Build.0 = Release|Any CPU
		{1C875F75-9F50-4D02-B116-426DF4D65352}.Debug|Any CPU.ActiveCfg = Debug|Any CPU
		{1C875F75-9F50-4D02-B116-426DF4D65352}.Debug|Any CPU.Build.0 = Debug|Any CPU
		{1C875F75-9F50-4D02-B116-426DF4D65352}.Release|Any CPU.ActiveCfg = Release|Any CPU
		{1C875F75-9F50-4D02-B116-426DF4D65352}.Release|Any CPU.Build.0 = Release|Any CPU
		{DD19418D-0EFA-4694-BE6B-08F3D0446085}.Debug|Any CPU.ActiveCfg = Debug|Any CPU
		{DD19418D-0EFA-4694-BE6B-08F3D0446085}.Debug|Any CPU.Build.0 = Debug|Any CPU
		{DD19418D-0EFA-4694-BE6B-08F3D0446085}.Release|Any CPU.ActiveCfg = Release|Any CPU
		{DD19418D-0EFA-4694-BE6B-08F3D0446085}.Release|Any CPU.Build.0 = Release|Any CPU
		{E85A2F2B-482D-418E-852D-AB5A28C1DB13}.Debug|Any CPU.ActiveCfg = Debug|Any CPU
		{E85A2F2B-482D-418E-852D-AB5A28C1DB13}.Debug|Any CPU.Build.0 = Debug|Any CPU
		{E85A2F2B-482D-418E-852D-AB5A28C1DB13}.Release|Any CPU.ActiveCfg = Release|Any CPU
		{E85A2F2B-482D-418E-852D-AB5A28C1DB13}.Release|Any CPU.Build.0 = Release|Any CPU
	EndGlobalSection
	GlobalSection(SolutionProperties) = preSolution
		HideSolutionNode = FALSE
	EndGlobalSection
	GlobalSection(NestedProjects) = preSolution
		{DE1D86B0-01E0-4F57-859A-534363E7218A} = {39A66D3B-2C92-4BAE-85A9-933290B8A95F}
		{7109161F-10DD-4BF1-93AF-78AF418A3F1D} = {39A66D3B-2C92-4BAE-85A9-933290B8A95F}
		{D0A0D7DB-FFBC-4C6D-B413-D89C84ECB981} = {7109161F-10DD-4BF1-93AF-78AF418A3F1D}
		{CE13F9C5-7A1E-4623-B494-3812D4764838} = {D0A0D7DB-FFBC-4C6D-B413-D89C84ECB981}
		{6A5481E8-EBCB-4264-AA03-5783594F43A7} = {DE1D86B0-01E0-4F57-859A-534363E7218A}
		{1C875F75-9F50-4D02-B116-426DF4D65352} = {6A5481E8-EBCB-4264-AA03-5783594F43A7}
		{B13E15D0-7DD6-457C-A806-0B76382938A4} = {7109161F-10DD-4BF1-93AF-78AF418A3F1D}
		{8E8C05F7-2620-4BAD-B48C-0ADB9C43F804} = {DE1D86B0-01E0-4F57-859A-534363E7218A}
		{DD19418D-0EFA-4694-BE6B-08F3D0446085} = {8E8C05F7-2620-4BAD-B48C-0ADB9C43F804}
		{E85A2F2B-482D-418E-852D-AB5A28C1DB13} = {B13E15D0-7DD6-457C-A806-0B76382938A4}
	EndGlobalSection
	GlobalSection(ExtensibilityGlobals) = postSolution
		SolutionGuid = {17DDEA11-2139-4F4E-8515-0157D2B10E48}
	EndGlobalSection
EndGlobal
